
Microsoft Visual Studio Solution File, Format Version 12.00
# Visual Studio Version 16
VisualStudioVersion = 16.0.29709.97
MinimumVisualStudioVersion = 10.0.40219.1
Project("{FAE04EC0-301F-11D3-BF4B-00C04F79EFBC}") = "MaxicoursDownloader.Api", "MaxicoursDownloader.Api\MaxicoursDownloader.Api.csproj", "{DBEAA876-0239-4F1D-A768-4453BC6E73FC}"
EndProject
Global
	GlobalSection(SolutionConfigurationPlatforms) = preSolution
		Debug|Any CPU = Debug|Any CPU
		Release|Any CPU = Release|Any CPU
	EndGlobalSection
	GlobalSection(ProjectConfigurationPlatforms) = postSolution
		{DBEAA876-0239-4F1D-A768-4453BC6E73FC}.Debug|Any CPU.ActiveCfg = Debug|Any CPU
		{DBEAA876-0239-4F1D-A768-4453BC6E73FC}.Debug|Any CPU.Build.0 = Debug|Any CPU
		{DBEAA876-0239-4F1D-A768-4453BC6E73FC}.Release|Any CPU.ActiveCfg = Release|Any CPU
		{DBEAA876-0239-4F1D-A768-4453BC6E73FC}.Release|Any CPU.Build.0 = Release|Any CPU
	EndGlobalSection
	GlobalSection(SolutionProperties) = preSolution
		HideSolutionNode = FALSE
	EndGlobalSection
	GlobalSection(ExtensibilityGlobals) = postSolution
		SolutionGuid = {EDB83894-8026-4FA2-B3A9-18229B8D55FF}
	EndGlobalSection
EndGlobal
